
Microsoft Visual Studio Solution File, Format Version 12.00
# Visual Studio Version 17
VisualStudioVersion = 17.1.32328.378
MinimumVisualStudioVersion = 10.0.40219.1
Project("{FAE04EC0-301F-11D3-BF4B-00C04F79EFBC}") = "TP.09.10", "TP.09.10\TP.09.10.csproj", "{186F92C5-06EF-48EE-8330-BD4FA396C6CC}"
EndProject
Global
	GlobalSection(SolutionConfigurationPlatforms) = preSolution
		Debug|Any CPU = Debug|Any CPU
		Release|Any CPU = Release|Any CPU
	EndGlobalSection
	GlobalSection(ProjectConfigurationPlatforms) = postSolution
		{186F92C5-06EF-48EE-8330-BD4FA396C6CC}.Debug|Any CPU.ActiveCfg = Debug|Any CPU
		{186F92C5-06EF-48EE-8330-BD4FA396C6CC}.Debug|Any CPU.Build.0 = Debug|Any CPU
		{186F92C5-06EF-48EE-8330-BD4FA396C6CC}.Release|Any CPU.ActiveCfg = Release|Any CPU
		{186F92C5-06EF-48EE-8330-BD4FA396C6CC}.Release|Any CPU.Build.0 = Release|Any CPU
	EndGlobalSection
	GlobalSection(SolutionProperties) = preSolution
		HideSolutionNode = FALSE
	EndGlobalSection
	GlobalSection(ExtensibilityGlobals) = postSolution
		SolutionGuid = {D3789991-B666-4913-9858-89333C05E6AF}
	EndGlobalSection
EndGlobal
